// !$*UTF8*$!
{
	archiveVersion = 1;
	classes = {
	};
	objectVersion = 50;
	objects = {

/* Begin PBXBuildFile section */
		220753292560CD1200BC02CA /* AppDelegate.m in Sources */ = {isa = PBXBuildFile; fileRef = 220753282560CD1200BC02CA /* AppDelegate.m */; };
		2207532F2560CD1200BC02CA /* ViewController.m in Sources */ = {isa = PBXBuildFile; fileRef = 2207532E2560CD1200BC02CA /* ViewController.m */; };
		220753322560CD1200BC02CA /* Main.storyboard in Resources */ = {isa = PBXBuildFile; fileRef = 220753302560CD1200BC02CA /* Main.storyboard */; };
		220753342560CD1400BC02CA /* Assets.xcassets in Resources */ = {isa = PBXBuildFile; fileRef = 220753332560CD1400BC02CA /* Assets.xcassets */; };
		220753372560CD1400BC02CA /* LaunchScreen.storyboard in Resources */ = {isa = PBXBuildFile; fileRef = 220753352560CD1400BC02CA /* LaunchScreen.storyboard */; };
		2207533A2560CD1400BC02CA /* main.m in Sources */ = {isa = PBXBuildFile; fileRef = 220753392560CD1400BC02CA /* main.m */; };
		220753442560CD1400BC02CA /* DemoTests.m in Sources */ = {isa = PBXBuildFile; fileRef = 220753432560CD1400BC02CA /* DemoTests.m */; };
		2207534F2560CD1400BC02CA /* DemoUITests.m in Sources */ = {isa = PBXBuildFile; fileRef = 2207534E2560CD1400BC02CA /* DemoUITests.m */; };
		220753712560CEAB00BC02CA /* HomeViewController.m in Sources */ = {isa = PBXBuildFile; fileRef = 220753702560CEAB00BC02CA /* HomeViewController.m */; };
		220753772560CEBD00BC02CA /* MineViewController.m in Sources */ = {isa = PBXBuildFile; fileRef = 220753762560CEBD00BC02CA /* MineViewController.m */; };
		220753802560D09000BC02CA /* appBackgroundImg.png in Resources */ = {isa = PBXBuildFile; fileRef = 2207537F2560D09000BC02CA /* appBackgroundImg.png */; };
		220753892560D97A00BC02CA /* MainTabController.m in Sources */ = {isa = PBXBuildFile; fileRef = 220753882560D97A00BC02CA /* MainTabController.m */; };
		220753A62561015800BC02CA /* ok.jpg in Resources */ = {isa = PBXBuildFile; fileRef = 220753A52561015800BC02CA /* ok.jpg */; };
		220753B32561189900BC02CA /* tabbar_home@2x.png in Resources */ = {isa = PBXBuildFile; fileRef = 220753AB2561189900BC02CA /* tabbar_home@2x.png */; };
		220753B42561189900BC02CA /* tabbar_home@3x.png in Resources */ = {isa = PBXBuildFile; fileRef = 220753AC2561189900BC02CA /* tabbar_home@3x.png */; };
		220753B52561189900BC02CA /* tabbar_mine@3x.png in Resources */ = {isa = PBXBuildFile; fileRef = 220753AD2561189900BC02CA /* tabbar_mine@3x.png */; };
		220753B62561189900BC02CA /* tabbar_home_sel@2x.png in Resources */ = {isa = PBXBuildFile; fileRef = 220753AE2561189900BC02CA /* tabbar_home_sel@2x.png */; };
		220753B72561189900BC02CA /* tabbar_mine@2x.png in Resources */ = {isa = PBXBuildFile; fileRef = 220753AF2561189900BC02CA /* tabbar_mine@2x.png */; };
		220753B82561189900BC02CA /* tabbar_home_sel@3x.png in Resources */ = {isa = PBXBuildFile; fileRef = 220753B02561189900BC02CA /* tabbar_home_sel@3x.png */; };
		220753B92561189900BC02CA /* tabbar_mine_sel@2x.png in Resources */ = {isa = PBXBuildFile; fileRef = 220753B12561189900BC02CA /* tabbar_mine_sel@2x.png */; };
		220753BA2561189900BC02CA /* tabbar_mine_sel@3x.png in Resources */ = {isa = PBXBuildFile; fileRef = 220753B22561189900BC02CA /* tabbar_mine_sel@3x.png */; };
/* End PBXBuildFile section */

/* Begin PBXContainerItemProxy section */
		220753402560CD1400BC02CA /* PBXContainerItemProxy */ = {
			isa = PBXContainerItemProxy;
			containerPortal = 2207531C2560CD1200BC02CA /* Project object */;
			proxyType = 1;
			remoteGlobalIDString = 220753232560CD1200BC02CA;
			remoteInfo = Demo;
		};
		2207534B2560CD1400BC02CA /* PBXContainerItemProxy */ = {
			isa = PBXContainerItemProxy;
			containerPortal = 2207531C2560CD1200BC02CA /* Project object */;
			proxyType = 1;
			remoteGlobalIDString = 220753232560CD1200BC02CA;
			remoteInfo = Demo;
		};
/* End PBXContainerItemProxy section */

/* Begin PBXFileReference section */
		220753242560CD1200BC02CA /* Demo.app */ = {isa = PBXFileReference; explicitFileType = wrapper.application; includeInIndex = 0; path = Demo.app; sourceTree = BUILT_PRODUCTS_DIR; };
		220753272560CD1200BC02CA /* AppDelegate.h */ = {isa = PBXFileReference; lastKnownFileType = sourcecode.c.h; path = AppDelegate.h; sourceTree = "<group>"; };
		220753282560CD1200BC02CA /* AppDelegate.m */ = {isa = PBXFileReference; lastKnownFileType = sourcecode.c.objc; path = AppDelegate.m; sourceTree = "<group>"; };
		2207532D2560CD1200BC02CA /* ViewController.h */ = {isa = PBXFileReference; lastKnownFileType = sourcecode.c.h; path = ViewController.h; sourceTree = "<group>"; };
		2207532E2560CD1200BC02CA /* ViewController.m */ = {isa = PBXFileReference; lastKnownFileType = sourcecode.c.objc; path = ViewController.m; sourceTree = "<group>"; };
		220753312560CD1200BC02CA /* Base */ = {isa = PBXFileReference; lastKnownFileType = file.storyboard; name = Base; path = Base.lproj/Main.storyboard; sourceTree = "<group>"; };
		220753332560CD1400BC02CA /* Assets.xcassets */ = {isa = PBXFileReference; lastKnownFileType = folder.assetcatalog; path = Assets.xcassets; sourceTree = "<group>"; };
		220753362560CD1400BC02CA /* Base */ = {isa = PBXFileReference; lastKnownFileType = file.storyboard; name = Base; path = Base.lproj/LaunchScreen.storyboard; sourceTree = "<group>"; };
		220753382560CD1400BC02CA /* Info.plist */ = {isa = PBXFileReference; lastKnownFileType = text.plist.xml; path = Info.plist; sourceTree = "<group>"; };
		220753392560CD1400BC02CA /* main.m */ = {isa = PBXFileReference; lastKnownFileType = sourcecode.c.objc; path = main.m; sourceTree = "<group>"; };
		2207533F2560CD1400BC02CA /* DemoTests.xctest */ = {isa = PBXFileReference; explicitFileType = wrapper.cfbundle; includeInIndex = 0; path = DemoTests.xctest; sourceTree = BUILT_PRODUCTS_DIR; };
		220753432560CD1400BC02CA /* DemoTests.m */ = {isa = PBXFileReference; lastKnownFileType = sourcecode.c.objc; path = DemoTests.m; sourceTree = "<group>"; };
		220753452560CD1400BC02CA /* Info.plist */ = {isa = PBXFileReference; lastKnownFileType = text.plist.xml; path = Info.plist; sourceTree = "<group>"; };
		2207534A2560CD1400BC02CA /* DemoUITests.xctest */ = {isa = PBXFileReference; explicitFileType = wrapper.cfbundle; includeInIndex = 0; path = DemoUITests.xctest; sourceTree = BUILT_PRODUCTS_DIR; };
		2207534E2560CD1400BC02CA /* DemoUITests.m */ = {isa = PBXFileReference; lastKnownFileType = sourcecode.c.objc; path = DemoUITests.m; sourceTree = "<group>"; };
		220753502560CD1400BC02CA /* Info.plist */ = {isa = PBXFileReference; lastKnownFileType = text.plist.xml; path = Info.plist; sourceTree = "<group>"; };
		2207536F2560CEAB00BC02CA /* HomeViewController.h */ = {isa = PBXFileReference; lastKnownFileType = sourcecode.c.h; path = HomeViewController.h; sourceTree = "<group>"; };
		220753702560CEAB00BC02CA /* HomeViewController.m */ = {isa = PBXFileReference; lastKnownFileType = sourcecode.c.objc; path = HomeViewController.m; sourceTree = "<group>"; };
		220753752560CEBD00BC02CA /* MineViewController.h */ = {isa = PBXFileReference; lastKnownFileType = sourcecode.c.h; path = MineViewController.h; sourceTree = "<group>"; };
		220753762560CEBD00BC02CA /* MineViewController.m */ = {isa = PBXFileReference; lastKnownFileType = sourcecode.c.objc; path = MineViewController.m; sourceTree = "<group>"; };
		2207537F2560D09000BC02CA /* appBackgroundImg.png */ = {isa = PBXFileReference; lastKnownFileType = image.png; path = appBackgroundImg.png; sourceTree = "<group>"; };
		220753872560D97A00BC02CA /* MainTabController.h */ = {isa = PBXFileReference; lastKnownFileType = sourcecode.c.h; path = MainTabController.h; sourceTree = "<group>"; };
		220753882560D97A00BC02CA /* MainTabController.m */ = {isa = PBXFileReference; lastKnownFileType = sourcecode.c.objc; path = MainTabController.m; sourceTree = "<group>"; };
		220753A52561015800BC02CA /* ok.jpg */ = {isa = PBXFileReference; lastKnownFileType = image.jpeg; path = ok.jpg; sourceTree = "<group>"; };
		220753AB2561189900BC02CA /* tabbar_home@2x.png */ = {isa = PBXFileReference; lastKnownFileType = image.png; path = "tabbar_home@2x.png"; sourceTree = "<group>"; };
		220753AC2561189900BC02CA /* tabbar_home@3x.png */ = {isa = PBXFileReference; lastKnownFileType = image.png; path = "tabbar_home@3x.png"; sourceTree = "<group>"; };
		220753AD2561189900BC02CA /* tabbar_mine@3x.png */ = {isa = PBXFileReference; lastKnownFileType = image.png; path = "tabbar_mine@3x.png"; sourceTree = "<group>"; };
		220753AE2561189900BC02CA /* tabbar_home_sel@2x.png */ = {isa = PBXFileReference; lastKnownFileType = image.png; path = "tabbar_home_sel@2x.png"; sourceTree = "<group>"; };
		220753AF2561189900BC02CA /* tabbar_mine@2x.png */ = {isa = PBXFileReference; lastKnownFileType = image.png; path = "tabbar_mine@2x.png"; sourceTree = "<group>"; };
		220753B02561189900BC02CA /* tabbar_home_sel@3x.png */ = {isa = PBXFileReference; lastKnownFileType = image.png; path = "tabbar_home_sel@3x.png"; sourceTree = "<group>"; };
		220753B12561189900BC02CA /* tabbar_mine_sel@2x.png */ = {isa = PBXFileReference; lastKnownFileType = image.png; path = "tabbar_mine_sel@2x.png"; sourceTree = "<group>"; };
		220753B22561189900BC02CA /* tabbar_mine_sel@3x.png */ = {isa = PBXFileReference; lastKnownFileType = image.png; path = "tabbar_mine_sel@3x.png"; sourceTree = "<group>"; };
/* End PBXFileReference section */

/* Begin PBXFrameworksBuildPhase section */
		220753212560CD1200BC02CA /* Frameworks */ = {
			isa = PBXFrameworksBuildPhase;
			buildActionMask = 2147483647;
			files = (
			);
			runOnlyForDeploymentPostprocessing = 0;
		};
		2207533C2560CD1400BC02CA /* Frameworks */ = {
			isa = PBXFrameworksBuildPhase;
			buildActionMask = 2147483647;
			files = (
			);
			runOnlyForDeploymentPostprocessing = 0;
		};
		220753472560CD1400BC02CA /* Frameworks */ = {
			isa = PBXFrameworksBuildPhase;
			buildActionMask = 2147483647;
			files = (
			);
			runOnlyForDeploymentPostprocessing = 0;
		};
/* End PBXFrameworksBuildPhase section */

/* Begin PBXGroup section */
		2207531B2560CD1200BC02CA = {
			isa = PBXGroup;
			children = (
				220753262560CD1200BC02CA /* Demo */,
				220753422560CD1400BC02CA /* DemoTests */,
				2207534D2560CD1400BC02CA /* DemoUITests */,
				220753252560CD1200BC02CA /* Products */,
			);
			sourceTree = "<group>";
		};
		220753252560CD1200BC02CA /* Products */ = {
			isa = PBXGroup;
			children = (
				220753242560CD1200BC02CA /* Demo.app */,
				2207533F2560CD1400BC02CA /* DemoTests.xctest */,
				2207534A2560CD1400BC02CA /* DemoUITests.xctest */,
			);
			name = Products;
			sourceTree = "<group>";
		};
		220753262560CD1200BC02CA /* Demo */ = {
			isa = PBXGroup;
			children = (
				2207537E2560D08700BC02CA /* images */,
				2207535F2560CE2700BC02CA /* classes */,
				220753272560CD1200BC02CA /* AppDelegate.h */,
				220753282560CD1200BC02CA /* AppDelegate.m */,
				2207532D2560CD1200BC02CA /* ViewController.h */,
				2207532E2560CD1200BC02CA /* ViewController.m */,
				220753302560CD1200BC02CA /* Main.storyboard */,
				220753332560CD1400BC02CA /* Assets.xcassets */,
				220753352560CD1400BC02CA /* LaunchScreen.storyboard */,
				220753382560CD1400BC02CA /* Info.plist */,
				220753392560CD1400BC02CA /* main.m */,
			);
			path = Demo;
			sourceTree = "<group>";
		};
		220753422560CD1400BC02CA /* DemoTests */ = {
			isa = PBXGroup;
			children = (
				220753432560CD1400BC02CA /* DemoTests.m */,
				220753452560CD1400BC02CA /* Info.plist */,
			);
			path = DemoTests;
			sourceTree = "<group>";
		};
		2207534D2560CD1400BC02CA /* DemoUITests */ = {
			isa = PBXGroup;
			children = (
				2207534E2560CD1400BC02CA /* DemoUITests.m */,
				220753502560CD1400BC02CA /* Info.plist */,
			);
			path = DemoUITests;
			sourceTree = "<group>";
		};
		2207535F2560CE2700BC02CA /* classes */ = {
			isa = PBXGroup;
			children = (
				220753612560CE5200BC02CA /* Home */,
				220753622560CE5D00BC02CA /* Mine */,
				220753872560D97A00BC02CA /* MainTabController.h */,
				220753882560D97A00BC02CA /* MainTabController.m */,
			);
			path = classes;
			sourceTree = "<group>";
		};
		220753612560CE5200BC02CA /* Home */ = {
			isa = PBXGroup;
			children = (
				2207536F2560CEAB00BC02CA /* HomeViewController.h */,
				220753702560CEAB00BC02CA /* HomeViewController.m */,
			);
			path = Home;
			sourceTree = "<group>";
		};
		220753622560CE5D00BC02CA /* Mine */ = {
			isa = PBXGroup;
			children = (
				220753752560CEBD00BC02CA /* MineViewController.h */,
				220753762560CEBD00BC02CA /* MineViewController.m */,
			);
			path = Mine;
			sourceTree = "<group>";
		};
		2207537E2560D08700BC02CA /* images */ = {
			isa = PBXGroup;
			children = (
				220753AE2561189900BC02CA /* tabbar_home_sel@2x.png */,
				220753B02561189900BC02CA /* tabbar_home_sel@3x.png */,
				220753AB2561189900BC02CA /* tabbar_home@2x.png */,
				220753AC2561189900BC02CA /* tabbar_home@3x.png */,
				220753B12561189900BC02CA /* tabbar_mine_sel@2x.png */,
				220753B22561189900BC02CA /* tabbar_mine_sel@3x.png */,
				220753AF2561189900BC02CA /* tabbar_mine@2x.png */,
				220753AD2561189900BC02CA /* tabbar_mine@3x.png */,
				220753A52561015800BC02CA /* ok.jpg */,
				2207537F2560D09000BC02CA /* appBackgroundImg.png */,
			);
			path = images;
			sourceTree = "<group>";
		};
/* End PBXGroup section */

/* Begin PBXNativeTarget section */
		220753232560CD1200BC02CA /* Demo */ = {
			isa = PBXNativeTarget;
			buildConfigurationList = 220753532560CD1400BC02CA /* Build configuration list for PBXNativeTarget "Demo" */;
			buildPhases = (
				220753202560CD1200BC02CA /* Sources */,
				220753212560CD1200BC02CA /* Frameworks */,
				220753222560CD1200BC02CA /* Resources */,
			);
			buildRules = (
			);
			dependencies = (
			);
			name = Demo;
			productName = Demo;
			productReference = 220753242560CD1200BC02CA /* Demo.app */;
			productType = "com.apple.product-type.application";
		};
		2207533E2560CD1400BC02CA /* DemoTests */ = {
			isa = PBXNativeTarget;
			buildConfigurationList = 220753562560CD1400BC02CA /* Build configuration list for PBXNativeTarget "DemoTests" */;
			buildPhases = (
				2207533B2560CD1400BC02CA /* Sources */,
				2207533C2560CD1400BC02CA /* Frameworks */,
				2207533D2560CD1400BC02CA /* Resources */,
			);
			buildRules = (
			);
			dependencies = (
				220753412560CD1400BC02CA /* PBXTargetDependency */,
			);
			name = DemoTests;
			productName = DemoTests;
			productReference = 2207533F2560CD1400BC02CA /* DemoTests.xctest */;
			productType = "com.apple.product-type.bundle.unit-test";
		};
		220753492560CD1400BC02CA /* DemoUITests */ = {
			isa = PBXNativeTarget;
			buildConfigurationList = 220753592560CD1400BC02CA /* Build configuration list for PBXNativeTarget "DemoUITests" */;
			buildPhases = (
				220753462560CD1400BC02CA /* Sources */,
				220753472560CD1400BC02CA /* Frameworks */,
				220753482560CD1400BC02CA /* Resources */,
			);
			buildRules = (
			);
			dependencies = (
				2207534C2560CD1400BC02CA /* PBXTargetDependency */,
			);
			name = DemoUITests;
			productName = DemoUITests;
			productReference = 2207534A2560CD1400BC02CA /* DemoUITests.xctest */;
			productType = "com.apple.product-type.bundle.ui-testing";
		};
/* End PBXNativeTarget section */

/* Begin PBXProject section */
		2207531C2560CD1200BC02CA /* Project object */ = {
			isa = PBXProject;
			attributes = {
				LastUpgradeCheck = 1210;
				TargetAttributes = {
					220753232560CD1200BC02CA = {
						CreatedOnToolsVersion = 12.1;
					};
					2207533E2560CD1400BC02CA = {
						CreatedOnToolsVersion = 12.1;
						TestTargetID = 220753232560CD1200BC02CA;
					};
					220753492560CD1400BC02CA = {
						CreatedOnToolsVersion = 12.1;
						TestTargetID = 220753232560CD1200BC02CA;
					};
				};
			};
			buildConfigurationList = 2207531F2560CD1200BC02CA /* Build configuration list for PBXProject "Demo" */;
			compatibilityVersion = "Xcode 9.3";
			developmentRegion = en;
			hasScannedForEncodings = 0;
			knownRegions = (
				en,
				Base,
			);
			mainGroup = 2207531B2560CD1200BC02CA;
			productRefGroup = 220753252560CD1200BC02CA /* Products */;
			projectDirPath = "";
			projectRoot = "";
			targets = (
				220753232560CD1200BC02CA /* Demo */,
				2207533E2560CD1400BC02CA /* DemoTests */,
				220753492560CD1400BC02CA /* DemoUITests */,
			);
		};
/* End PBXProject section */

/* Begin PBXResourcesBuildPhase section */
		220753222560CD1200BC02CA /* Resources */ = {
			isa = PBXResourcesBuildPhase;
			buildActionMask = 2147483647;
			files = (
				220753A62561015800BC02CA /* ok.jpg in Resources */,
				220753B72561189900BC02CA /* tabbar_mine@2x.png in Resources */,
				220753B82561189900BC02CA /* tabbar_home_sel@3x.png in Resources */,
				220753B32561189900BC02CA /* tabbar_home@2x.png in Resources */,
				220753372560CD1400BC02CA /* LaunchScreen.storyboard in Resources */,
				220753B62561189900BC02CA /* tabbar_home_sel@2x.png in Resources */,
				220753B92561189900BC02CA /* tabbar_mine_sel@2x.png in Resources */,
				220753B42561189900BC02CA /* tabbar_home@3x.png in Resources */,
				220753B52561189900BC02CA /* tabbar_mine@3x.png in Resources */,
				220753802560D09000BC02CA /* appBackgroundImg.png in Resources */,
				220753342560CD1400BC02CA /* Assets.xcassets in Resources */,
				220753322560CD1200BC02CA /* Main.storyboard in Resources */,
				220753BA2561189900BC02CA /* tabbar_mine_sel@3x.png in Resources */,
			);
			runOnlyForDeploymentPostprocessing = 0;
		};
		2207533D2560CD1400BC02CA /* Resources */ = {
			isa = PBXResourcesBuildPhase;
			buildActionMask = 2147483647;
			files = (
			);
			runOnlyForDeploymentPostprocessing = 0;
		};
		220753482560CD1400BC02CA /* Resources */ = {
			isa = PBXResourcesBuildPhase;
			buildActionMask = 2147483647;
			files = (
			);
			runOnlyForDeploymentPostprocessing = 0;
		};
/* End PBXResourcesBuildPhase section */

/* Begin PBXSourcesBuildPhase section */
		220753202560CD1200BC02CA /* Sources */ = {
			isa = PBXSourcesBuildPhase;
			buildActionMask = 2147483647;
			files = (
				220753892560D97A00BC02CA /* MainTabController.m in Sources */,
				2207532F2560CD1200BC02CA /* ViewController.m in Sources */,
				220753292560CD1200BC02CA /* AppDelegate.m in Sources */,
				2207533A2560CD1400BC02CA /* main.m in Sources */,
				220753772560CEBD00BC02CA /* MineViewController.m in Sources */,
				220753712560CEAB00BC02CA /* HomeViewController.m in Sources */,
			);
			runOnlyForDeploymentPostprocessing = 0;
		};
		2207533B2560CD1400BC02CA /* Sources */ = {
			isa = PBXSourcesBuildPhase;
			buildActionMask = 2147483647;
			files = (
				220753442560CD1400BC02CA /* DemoTests.m in Sources */,
			);
			runOnlyForDeploymentPostprocessing = 0;
		};
		220753462560CD1400BC02CA /* Sources */ = {
			isa = PBXSourcesBuildPhase;
			buildActionMask = 2147483647;
			files = (
				2207534F2560CD1400BC02CA /* DemoUITests.m in Sources */,
			);
			runOnlyForDeploymentPostprocessing = 0;
		};
/* End PBXSourcesBuildPhase section */

/* Begin PBXTargetDependency section */
		220753412560CD1400BC02CA /* PBXTargetDependency */ = {
			isa = PBXTargetDependency;
			target = 220753232560CD1200BC02CA /* Demo */;
			targetProxy = 220753402560CD1400BC02CA /* PBXContainerItemProxy */;
		};
		2207534C2560CD1400BC02CA /* PBXTargetDependency */ = {
			isa = PBXTargetDependency;
			target = 220753232560CD1200BC02CA /* Demo */;
			targetProxy = 2207534B2560CD1400BC02CA /* PBXContainerItemProxy */;
		};
/* End PBXTargetDependency section */

/* Begin PBXVariantGroup section */
		220753302560CD1200BC02CA /* Main.storyboard */ = {
			isa = PBXVariantGroup;
			children = (
				220753312560CD1200BC02CA /* Base */,
			);
			name = Main.storyboard;
			sourceTree = "<group>";
		};
		220753352560CD1400BC02CA /* LaunchScreen.storyboard */ = {
			isa = PBXVariantGroup;
			children = (
				220753362560CD1400BC02CA /* Base */,
			);
			name = LaunchScreen.storyboard;
			sourceTree = "<group>";
		};
/* End PBXVariantGroup section */

/* Begin XCBuildConfiguration section */
		220753512560CD1400BC02CA /* Debug */ = {
			isa = XCBuildConfiguration;
			buildSettings = {
				ALWAYS_SEARCH_USER_PATHS = NO;
				CLANG_ANALYZER_NONNULL = YES;
				CLANG_ANALYZER_NUMBER_OBJECT_CONVERSION = YES_AGGRESSIVE;
				CLANG_CXX_LANGUAGE_STANDARD = "gnu++14";
				CLANG_CXX_LIBRARY = "libc++";
				CLANG_ENABLE_MODULES = YES;
				CLANG_ENABLE_OBJC_ARC = YES;
				CLANG_ENABLE_OBJC_WEAK = YES;
				CLANG_WARN_BLOCK_CAPTURE_AUTORELEASING = YES;
				CLANG_WARN_BOOL_CONVERSION = YES;
				CLANG_WARN_COMMA = YES;
				CLANG_WARN_CONSTANT_CONVERSION = YES;
				CLANG_WARN_DEPRECATED_OBJC_IMPLEMENTATIONS = YES;
				CLANG_WARN_DIRECT_OBJC_ISA_USAGE = YES_ERROR;
				CLANG_WARN_DOCUMENTATION_COMMENTS = YES;
				CLANG_WARN_EMPTY_BODY = YES;
				CLANG_WARN_ENUM_CONVERSION = YES;
				CLANG_WARN_INFINITE_RECURSION = YES;
				CLANG_WARN_INT_CONVERSION = YES;
				CLANG_WARN_NON_LITERAL_NULL_CONVERSION = YES;
				CLANG_WARN_OBJC_IMPLICIT_RETAIN_SELF = YES;
				CLANG_WARN_OBJC_LITERAL_CONVERSION = YES;
				CLANG_WARN_OBJC_ROOT_CLASS = YES_ERROR;
				CLANG_WARN_QUOTED_INCLUDE_IN_FRAMEWORK_HEADER = YES;
				CLANG_WARN_RANGE_LOOP_ANALYSIS = YES;
				CLANG_WARN_STRICT_PROTOTYPES = YES;
				CLANG_WARN_SUSPICIOUS_MOVE = YES;
				CLANG_WARN_UNGUARDED_AVAILABILITY = YES_AGGRESSIVE;
				CLANG_WARN_UNREACHABLE_CODE = YES;
				CLANG_WARN__DUPLICATE_METHOD_MATCH = YES;
				COPY_PHASE_STRIP = NO;
				DEBUG_INFORMATION_FORMAT = dwarf;
				ENABLE_STRICT_OBJC_MSGSEND = YES;
				ENABLE_TESTABILITY = YES;
				GCC_C_LANGUAGE_STANDARD = gnu11;
				GCC_DYNAMIC_NO_PIC = NO;
				GCC_NO_COMMON_BLOCKS = YES;
				GCC_OPTIMIZATION_LEVEL = 0;
				GCC_PREPROCESSOR_DEFINITIONS = (
					"DEBUG=1",
					"$(inherited)",
				);
				GCC_WARN_64_TO_32_BIT_CONVERSION = YES;
				GCC_WARN_ABOUT_RETURN_TYPE = YES_ERROR;
				GCC_WARN_UNDECLARED_SELECTOR = YES;
				GCC_WARN_UNINITIALIZED_AUTOS = YES_AGGRESSIVE;
				GCC_WARN_UNUSED_FUNCTION = YES;
				GCC_WARN_UNUSED_VARIABLE = YES;
				IPHONEOS_DEPLOYMENT_TARGET = 14.1;
				MTL_ENABLE_DEBUG_INFO = INCLUDE_SOURCE;
				MTL_FAST_MATH = YES;
				ONLY_ACTIVE_ARCH = YES;
				SDKROOT = iphoneos;
			};
			name = Debug;
		};
		220753522560CD1400BC02CA /* Release */ = {
			isa = XCBuildConfiguration;
			buildSettings = {
				ALWAYS_SEARCH_USER_PATHS = NO;
				CLANG_ANALYZER_NONNULL = YES;
				CLANG_ANALYZER_NUMBER_OBJECT_CONVERSION = YES_AGGRESSIVE;
				CLANG_CXX_LANGUAGE_STANDARD = "gnu++14";
				CLANG_CXX_LIBRARY = "libc++";
				CLANG_ENABLE_MODULES = YES;
				CLANG_ENABLE_OBJC_ARC = YES;
				CLANG_ENABLE_OBJC_WEAK = YES;
				CLANG_WARN_BLOCK_CAPTURE_AUTORELEASING = YES;
				CLANG_WARN_BOOL_CONVERSION = YES;
				CLANG_WARN_COMMA = YES;
				CLANG_WARN_CONSTANT_CONVERSION = YES;
				CLANG_WARN_DEPRECATED_OBJC_IMPLEMENTATIONS = YES;
				CLANG_WARN_DIRECT_OBJC_ISA_USAGE = YES_ERROR;
				CLANG_WARN_DOCUMENTATION_COMMENTS = YES;
				CLANG_WARN_EMPTY_BODY = YES;
				CLANG_WARN_ENUM_CONVERSION = YES;
				CLANG_WARN_INFINITE_RECURSION = YES;
				CLANG_WARN_INT_CONVERSION = YES;
				CLANG_WARN_NON_LITERAL_NULL_CONVERSION = YES;
				CLANG_WARN_OBJC_IMPLICIT_RETAIN_SELF = YES;
				CLANG_WARN_OBJC_LITERAL_CONVERSION = YES;
				CLANG_WARN_OBJC_ROOT_CLASS = YES_ERROR;
				CLANG_WARN_QUOTED_INCLUDE_IN_FRAMEWORK_HEADER = YES;
				CLANG_WARN_RANGE_LOOP_ANALYSIS = YES;
				CLANG_WARN_STRICT_PROTOTYPES = YES;
				CLANG_WARN_SUSPICIOUS_MOVE = YES;
				CLANG_WARN_UNGUARDED_AVAILABILITY = YES_AGGRESSIVE;
				CLANG_WARN_UNREACHABLE_CODE = YES;
				CLANG_WARN__DUPLICATE_METHOD_MATCH = YES;
				COPY_PHASE_STRIP = NO;
				DEBUG_INFORMATION_FORMAT = "dwarf-with-dsym";
				ENABLE_NS_ASSERTIONS = NO;
				ENABLE_STRICT_OBJC_MSGSEND = YES;
				GCC_C_LANGUAGE_STANDARD = gnu11;
				GCC_NO_COMMON_BLOCKS = YES;
				GCC_WARN_64_TO_32_BIT_CONVERSION = YES;
				GCC_WARN_ABOUT_RETURN_TYPE = YES_ERROR;
				GCC_WARN_UNDECLARED_SELECTOR = YES;
				GCC_WARN_UNINITIALIZED_AUTOS = YES_AGGRESSIVE;
				GCC_WARN_UNUSED_FUNCTION = YES;
				GCC_WARN_UNUSED_VARIABLE = YES;
				IPHONEOS_DEPLOYMENT_TARGET = 14.1;
				MTL_ENABLE_DEBUG_INFO = NO;
				MTL_FAST_MATH = YES;
				SDKROOT = iphoneos;
				VALIDATE_PRODUCT = YES;
			};
			name = Release;
		};
		220753542560CD1400BC02CA /* Debug */ = {
			isa = XCBuildConfiguration;
			buildSettings = {
				ASSETCATALOG_COMPILER_APPICON_NAME = AppIcon;
				ASSETCATALOG_COMPILER_GLOBAL_ACCENT_COLOR_NAME = AccentColor;
				CODE_SIGN_STYLE = Automatic;
				INFOPLIST_FILE = Demo/Info.plist;
				LD_RUNPATH_SEARCH_PATHS = (
					"$(inherited)",
					"@executable_path/Frameworks",
				);
				PRODUCT_BUNDLE_IDENTIFIER = zhanghang.Demo;
				PRODUCT_NAME = "$(TARGET_NAME)";
				TARGETED_DEVICE_FAMILY = "1,2";
			};
			name = Debug;
		};
		220753552560CD1400BC02CA /* Release */ = {
			isa = XCBuildConfiguration;
			buildSettings = {
				ASSETCATALOG_COMPILER_APPICON_NAME = AppIcon;
				ASSETCATALOG_COMPILER_GLOBAL_ACCENT_COLOR_NAME = AccentColor;
				CODE_SIGN_STYLE = Automatic;
				INFOPLIST_FILE = Demo/Info.plist;
				LD_RUNPATH_SEARCH_PATHS = (
					"$(inherited)",
					"@executable_path/Frameworks",
				);
				PRODUCT_BUNDLE_IDENTIFIER = zhanghang.Demo;
				PRODUCT_NAME = "$(TARGET_NAME)";
				TARGETED_DEVICE_FAMILY = "1,2";
			};
			name = Release;
		};
		220753572560CD1400BC02CA /* Debug */ = {
			isa = XCBuildConfiguration;
			buildSettings = {
				BUNDLE_LOADER = "$(TEST_HOST)";
				CODE_SIGN_STYLE = Automatic;
				INFOPLIST_FILE = DemoTests/Info.plist;
				IPHONEOS_DEPLOYMENT_TARGET = 14.1;
				LD_RUNPATH_SEARCH_PATHS = (
					"$(inherited)",
					"@executable_path/Frameworks",
					"@loader_path/Frameworks",
				);
				PRODUCT_BUNDLE_IDENTIFIER = zhanghang.DemoTests;
				PRODUCT_NAME = "$(TARGET_NAME)";
				TARGETED_DEVICE_FAMILY = "1,2";
				TEST_HOST = "$(BUILT_PRODUCTS_DIR)/Demo.app/Demo";
			};
			name = Debug;
		};
		220753582560CD1400BC02CA /* Release */ = {
			isa = XCBuildConfiguration;
			buildSettings = {
				BUNDLE_LOADER = "$(TEST_HOST)";
				CODE_SIGN_STYLE = Automatic;
				INFOPLIST_FILE = DemoTests/Info.plist;
				IPHONEOS_DEPLOYMENT_TARGET = 14.1;
				LD_RUNPATH_SEARCH_PATHS = (
					"$(inherited)",
					"@executable_path/Frameworks",
					"@loader_path/Frameworks",
				);
				PRODUCT_BUNDLE_IDENTIFIER = zhanghang.DemoTests;
				PRODUCT_NAME = "$(TARGET_NAME)";
				TARGETED_DEVICE_FAMILY = "1,2";
				TEST_HOST = "$(BUILT_PRODUCTS_DIR)/Demo.app/Demo";
			};
			name = Release;
		};
		2207535A2560CD1400BC02CA /* Debug */ = {
			isa = XCBuildConfiguration;
			buildSettings = {
				CODE_SIGN_STYLE = Automatic;
				INFOPLIST_FILE = DemoUITests/Info.plist;
				LD_RUNPATH_SEARCH_PATHS = (
					"$(inherited)",
					"@executable_path/Frameworks",
					"@loader_path/Frameworks",
				);
				PRODUCT_BUNDLE_IDENTIFIER = zhanghang.DemoUITests;
				PRODUCT_NAME = "$(TARGET_NAME)";
				TARGETED_DEVICE_FAMILY = "1,2";
				TEST_TARGET_NAME = Demo;
			};
			name = Debug;
		};
		2207535B2560CD1400BC02CA /* Release */ = {
			isa = XCBuildConfiguration;
			buildSettings = {
				CODE_SIGN_STYLE = Automatic;
				INFOPLIST_FILE = DemoUITests/Info.plist;
				LD_RUNPATH_SEARCH_PATHS = (
					"$(inherited)",
					"@executable_path/Frameworks",
					"@loader_path/Frameworks",
				);
				PRODUCT_BUNDLE_IDENTIFIER = zhanghang.DemoUITests;
				PRODUCT_NAME = "$(TARGET_NAME)";
				TARGETED_DEVICE_FAMILY = "1,2";
				TEST_TARGET_NAME = Demo;
			};
			name = Release;
		};
/* End XCBuildConfiguration section */

/* Begin XCConfigurationList section */
		2207531F2560CD1200BC02CA /* Build configuration list for PBXProject "Demo" */ = {
			isa = XCConfigurationList;
			buildConfigurations = (
				220753512560CD1400BC02CA /* Debug */,
				220753522560CD1400BC02CA /* Release */,
			);
			defaultConfigurationIsVisible = 0;
			defaultConfigurationName = Release;
		};
		220753532560CD1400BC02CA /* Build configuration list for PBXNativeTarget "Demo" */ = {
			isa = XCConfigurationList;
			buildConfigurations = (
				220753542560CD1400BC02CA /* Debug */,
				220753552560CD1400BC02CA /* Release */,
			);
			defaultConfigurationIsVisible = 0;
			defaultConfigurationName = Release;
		};
		220753562560CD1400BC02CA /* Build configuration list for PBXNativeTarget "DemoTests" */ = {
			isa = XCConfigurationList;
			buildConfigurations = (
				220753572560CD1400BC02CA /* Debug */,
				220753582560CD1400BC02CA /* Release */,
			);
			defaultConfigurationIsVisible = 0;
			defaultConfigurationName = Release;
		};
		220753592560CD1400BC02CA /* Build configuration list for PBXNativeTarget "DemoUITests" */ = {
			isa = XCConfigurationList;
			buildConfigurations = (
				2207535A2560CD1400BC02CA /* Debug */,
				2207535B2560CD1400BC02CA /* Release */,
			);
			defaultConfigurationIsVisible = 0;
			defaultConfigurationName = Release;
		};
/* End XCConfigurationList section */
	};
	rootObject = 2207531C2560CD1200BC02CA /* Project object */;
}
